
Microsoft Visual Studio Solution File, Format Version 12.00
# Visual Studio Version 17
VisualStudioVersion = 17.5.33424.131
MinimumVisualStudioVersion = 10.0.40219.1
Project("{FAE04EC0-301F-11D3-BF4B-00C04F79EFBC}") = "Binario", "Binario\Binario.csproj", "{4C494AA4-2942-4959-B9EB-55F7F1DF9364}"
EndProject
Global
	GlobalSection(SolutionConfigurationPlatforms) = preSolution
		Debug|Any CPU = Debug|Any CPU
		Release|Any CPU = Release|Any CPU
	EndGlobalSection
	GlobalSection(ProjectConfigurationPlatforms) = postSolution
		{4C494AA4-2942-4959-B9EB-55F7F1DF9364}.Debug|Any CPU.ActiveCfg = Debug|Any CPU
		{4C494AA4-2942-4959-B9EB-55F7F1DF9364}.Debug|Any CPU.Build.0 = Debug|Any CPU
		{4C494AA4-2942-4959-B9EB-55F7F1DF9364}.Release|Any CPU.ActiveCfg = Release|Any CPU
		{4C494AA4-2942-4959-B9EB-55F7F1DF9364}.Release|Any CPU.Build.0 = Release|Any CPU
	EndGlobalSection
	GlobalSection(SolutionProperties) = preSolution
		HideSolutionNode = FALSE
	EndGlobalSection
	GlobalSection(ExtensibilityGlobals) = postSolution
		SolutionGuid = {B4706B81-5379-499A-B718-D2533C9CC449}
	EndGlobalSection
EndGlobal
